# This file is automatically @generated by Cargo.
# It is not intended for manual editing.
version = 4

[[package]]
name = "benchmarks"
version = "0.1.0"

[[package]]
name = "etl"
version = "0.1.0"
dependencies = [
 "etl-avro",
 "etl-clickhouse",
 "etl-core",
 "etl-kafka",
]

[[package]]
name = "etl-avro"
version = "0.1.0"
dependencies = [
 "etl-core",
]

[[package]]
name = "etl-clickhouse"
version = "0.1.0"
dependencies = [
 "etl-core",
]

[[package]]
name = "etl-core"
version = "0.1.0"

[[package]]
name = "etl-kafka"
version = "0.1.0"
dependencies = [
 "etl-core",
]

[[package]]
name = "etl-test"
version = "0.1.0"
dependencies = [
 "etl-core",
]
